dependencies:
- name: postgresql
  repository: https://charts.bitnami.com/bitnami
  version: 18.5.8
- name: rabbitmq
  repository: https://charts.bitnami.com/bitnami
  version: 16.0.14
digest: sha256:1067f8a570c559829b966490e8e7bd6befa8e9812417e5a6373390835b77ac2f
generated: "2026-03-19T14:10:42.574455046Z"
