dependencies:
- name: postgresql
  repository: https://charts.bitnami.com/bitnami
  version: 18.5.1
- name: rabbitmq
  repository: https://charts.bitnami.com/bitnami
  version: 16.0.14
digest: sha256:a81bf8d6aa12c42dc8da9fcc1f7b806bc9ed39a51227ba7e638a59e04291c125
generated: "2026-02-26T14:11:08.870438867Z"
